// !$*UTF8*$!
{
	archiveVersion = 1;
	classes = {
	};
	objectVersion = 51;
	objects = {

/* Begin PBXBuildFile section */
		034E04F52C9BA01F14823299 /* Pods_PD_Fitness.framework in Frameworks */ = {isa = PBXBuildFile; fileRef = 487959D5556537A65E6AFB2E /* Pods_PD_Fitness.framework */; };
		2039DA012389BBA100D52B3E /* WeeklyProgress.swift in Sources */ = {isa = PBXBuildFile; fileRef = 2039DA002389BBA100D52B3E /* WeeklyProgress.swift */; };
		2039DA022389BBA100D52B3E /* WeeklyProgress.swift in Sources */ = {isa = PBXBuildFile; fileRef = 2039DA002389BBA100D52B3E /* WeeklyProgress.swift */; };
		2039DA032389BBA100D52B3E /* WeeklyProgress.swift in Sources */ = {isa = PBXBuildFile; fileRef = 2039DA002389BBA100D52B3E /* WeeklyProgress.swift */; };
		982F4D64236F860700397E18 /* MapViewController.swift in Sources */ = {isa = PBXBuildFile; fileRef = 982F4D63236F860700397E18 /* MapViewController.swift */; };
		982F4D66236F87F200397E18 /* ResourcesViewController.swift in Sources */ = {isa = PBXBuildFile; fileRef = 982F4D65236F87F100397E18 /* ResourcesViewController.swift */; };
		98ECD47F237BDC7F001E4F60 /* NearMeTableViewController.swift in Sources */ = {isa = PBXBuildFile; fileRef = 98ECD47E237BDC7F001E4F60 /* NearMeTableViewController.swift */; };
		98ECD481237BDCB4001E4F60 /* PlaceAnnotation.swift in Sources */ = {isa = PBXBuildFile; fileRef = 98ECD480237BDCB4001E4F60 /* PlaceAnnotation.swift */; };
		98ECD483237BDCCD001E4F60 /* Place.swift in Sources */ = {isa = PBXBuildFile; fileRef = 98ECD482237BDCCD001E4F60 /* Place.swift */; };
		98ECD485237BDF66001E4F60 /* NearMeTableViewCell.swift in Sources */ = {isa = PBXBuildFile; fileRef = 98ECD484237BDF66001E4F60 /* NearMeTableViewCell.swift */; };
		98ECD487237BE03E001E4F60 /* ContainerViewController.swift in Sources */ = {isa = PBXBuildFile; fileRef = 98ECD486237BE03E001E4F60 /* ContainerViewController.swift */; };
		98ECD489237BE1BC001E4F60 /* MapViewDetailsTableViewController.swift in Sources */ = {isa = PBXBuildFile; fileRef = 98ECD488237BE1BC001E4F60 /* MapViewDetailsTableViewController.swift */; };
		98ECD48B237BE220001E4F60 /* MapsViewController.swift in Sources */ = {isa = PBXBuildFile; fileRef = 98ECD48A237BE220001E4F60 /* MapsViewController.swift */; };
		B7080710238236BE0090C08D /* startTrackingBtn.swift in Sources */ = {isa = PBXBuildFile; fileRef = B708070F238236BE0090C08D /* startTrackingBtn.swift */; };
		B7080711238236BE0090C08D /* startTrackingBtn.swift in Sources */ = {isa = PBXBuildFile; fileRef = B708070F238236BE0090C08D /* startTrackingBtn.swift */; };
		B7080712238236BE0090C08D /* startTrackingBtn.swift in Sources */ = {isa = PBXBuildFile; fileRef = B708070F238236BE0090C08D /* startTrackingBtn.swift */; };
		B708071423827A740090C08D /* LogOutButton.swift in Sources */ = {isa = PBXBuildFile; fileRef = B708071323827A740090C08D /* LogOutButton.swift */; };
		B708071523827A740090C08D /* LogOutButton.swift in Sources */ = {isa = PBXBuildFile; fileRef = B708071323827A740090C08D /* LogOutButton.swift */; };
		B708071623827A740090C08D /* LogOutButton.swift in Sources */ = {isa = PBXBuildFile; fileRef = B708071323827A740090C08D /* LogOutButton.swift */; };
		B778E50A236D3D70003A5C75 /* GoogleService-Info.plist in Resources */ = {isa = PBXBuildFile; fileRef = B778E509236D3D70003A5C75 /* GoogleService-Info.plist */; };
		B778E50B236D3D70003A5C75 /* GoogleService-Info.plist in Resources */ = {isa = PBXBuildFile; fileRef = B778E509236D3D70003A5C75 /* GoogleService-Info.plist */; };
		B778E50C236D3D70003A5C75 /* GoogleService-Info.plist in Resources */ = {isa = PBXBuildFile; fileRef = B778E509236D3D70003A5C75 /* GoogleService-Info.plist */; };
		B778E512236E405B003A5C75 /* PlannedTasksViewController.swift in Sources */ = {isa = PBXBuildFile; fileRef = B778E511236E405B003A5C75 /* PlannedTasksViewController.swift */; };
		B778E513236E405B003A5C75 /* PlannedTasksViewController.swift in Sources */ = {isa = PBXBuildFile; fileRef = B778E511236E405B003A5C75 /* PlannedTasksViewController.swift */; };
		B778E514236E405B003A5C75 /* PlannedTasksViewController.swift in Sources */ = {isa = PBXBuildFile; fileRef = B778E511236E405B003A5C75 /* PlannedTasksViewController.swift */; };
		B778E526236E5B5B003A5C75 /* PlannedTasksCell.swift in Sources */ = {isa = PBXBuildFile; fileRef = B778E525236E5B5B003A5C75 /* PlannedTasksCell.swift */; };
		B778E527236E5B5B003A5C75 /* PlannedTasksCell.swift in Sources */ = {isa = PBXBuildFile; fileRef = B778E525236E5B5B003A5C75 /* PlannedTasksCell.swift */; };
		B778E528236E5B5B003A5C75 /* PlannedTasksCell.swift in Sources */ = {isa = PBXBuildFile; fileRef = B778E525236E5B5B003A5C75 /* PlannedTasksCell.swift */; };
		B778E542236E84F5003A5C75 /* PlannedTasksAddBtn.swift in Sources */ = {isa = PBXBuildFile; fileRef = B778E541236E84F5003A5C75 /* PlannedTasksAddBtn.swift */; };
		B778E543236E84F5003A5C75 /* PlannedTasksAddBtn.swift in Sources */ = {isa = PBXBuildFile; fileRef = B778E541236E84F5003A5C75 /* PlannedTasksAddBtn.swift */; };
		B778E544236E84F5003A5C75 /* PlannedTasksAddBtn.swift in Sources */ = {isa = PBXBuildFile; fileRef = B778E541236E84F5003A5C75 /* PlannedTasksAddBtn.swift */; };
		B778E546236EB2A2003A5C75 /* CompletedTasksViewController.swift in Sources */ = {isa = PBXBuildFile; fileRef = B778E545236EB2A2003A5C75 /* CompletedTasksViewController.swift */; };
		B778E547236EB2A2003A5C75 /* CompletedTasksViewController.swift in Sources */ = {isa = PBXBuildFile; fileRef = B778E545236EB2A2003A5C75 /* CompletedTasksViewController.swift */; };
		B778E548236EB2A2003A5C75 /* CompletedTasksViewController.swift in Sources */ = {isa = PBXBuildFile; fileRef = B778E545236EB2A2003A5C75 /* CompletedTasksViewController.swift */; };
		B778E54A236EB46A003A5C75 /* PendingTaskCell.swift in Sources */ = {isa = PBXBuildFile; fileRef = B778E549236EB46A003A5C75 /* PendingTaskCell.swift */; };
		B778E54B236EB46A003A5C75 /* PendingTaskCell.swift in Sources */ = {isa = PBXBuildFile; fileRef = B778E549236EB46A003A5C75 /* PendingTaskCell.swift */; };
		B778E54C236EB46A003A5C75 /* PendingTaskCell.swift in Sources */ = {isa = PBXBuildFile; fileRef = B778E549236EB46A003A5C75 /* PendingTaskCell.swift */; };
		B778E54E236EB71D003A5C75 /* DataBaseEntryCell.swift in Sources */ = {isa = PBXBuildFile; fileRef = B778E54D236EB71D003A5C75 /* DataBaseEntryCell.swift */; };
		B778E54F236EB71D003A5C75 /* DataBaseEntryCell.swift in Sources */ = {isa = PBXBuildFile; fileRef = B778E54D236EB71D003A5C75 /* DataBaseEntryCell.swift */; };
		B778E550236EB71D003A5C75 /* DataBaseEntryCell.swift in Sources */ = {isa = PBXBuildFile; fileRef = B778E54D236EB71D003A5C75 /* DataBaseEntryCell.swift */; };
		B778E552236EB828003A5C75 /* DataBaseExportBtn.swift in Sources */ = {isa = PBXBuildFile; fileRef = B778E551236EB828003A5C75 /* DataBaseExportBtn.swift */; };
		B778E553236EB828003A5C75 /* DataBaseExportBtn.swift in Sources */ = {isa = PBXBuildFile; fileRef = B778E551236EB828003A5C75 /* DataBaseExportBtn.swift */; };
		B778E554236EB828003A5C75 /* DataBaseExportBtn.swift in Sources */ = {isa = PBXBuildFile; fileRef = B778E551236EB828003A5C75 /* DataBaseExportBtn.swift */; };
		B778E556236EB89E003A5C75 /* DataBaseEntriesViewController.swift in Sources */ = {isa = PBXBuildFile; fileRef = B778E555236EB89E003A5C75 /* DataBaseEntriesViewController.swift */; };
		B778E557236EB89E003A5C75 /* DataBaseEntriesViewController.swift in Sources */ = {isa = PBXBuildFile; fileRef = B778E555236EB89E003A5C75 /* DataBaseEntriesViewController.swift */; };
		B778E558236EB89E003A5C75 /* DataBaseEntriesViewController.swift in Sources */ = {isa = PBXBuildFile; fileRef = B778E555236EB89E003A5C75 /* DataBaseEntriesViewController.swift */; };
		B778E55A236EBB81003A5C75 /* DataBaseEntrySearchBtn.swift in Sources */ = {isa = PBXBuildFile; fileRef = B778E559236EBB81003A5C75 /* DataBaseEntrySearchBtn.swift */; };
		B778E55B236EBB81003A5C75 /* DataBaseEntrySearchBtn.swift in Sources */ = {isa = PBXBuildFile; fileRef = B778E559236EBB81003A5C75 /* DataBaseEntrySearchBtn.swift */; };
		B778E55C236EBB81003A5C75 /* DataBaseEntrySearchBtn.swift in Sources */ = {isa = PBXBuildFile; fileRef = B778E559236EBB81003A5C75 /* DataBaseEntrySearchBtn.swift */; };
		B7D75BE12380EACF007933E7 /* TrackingTableViewCellCompletedTableViewCell.swift in Sources */ = {isa = PBXBuildFile; fileRef = B7D75BE02380EACF007933E7 /* TrackingTableViewCellCompletedTableViewCell.swift */; };
		B7D75BE22380EACF007933E7 /* TrackingTableViewCellCompletedTableViewCell.swift in Sources */ = {isa = PBXBuildFile; fileRef = B7D75BE02380EACF007933E7 /* TrackingTableViewCellCompletedTableViewCell.swift */; };
		B7D75BE32380EACF007933E7 /* TrackingTableViewCellCompletedTableViewCell.swift in Sources */ = {isa = PBXBuildFile; fileRef = B7D75BE02380EACF007933E7 /* TrackingTableViewCellCompletedTableViewCell.swift */; };
		B7D75BE523810D3F007933E7 /* TrackingTableViewCellPendingTableViewCell.swift in Sources */ = {isa = PBXBuildFile; fileRef = B7D75BE423810D3F007933E7 /* TrackingTableViewCellPendingTableViewCell.swift */; };
		B7D75BE623810D3F007933E7 /* TrackingTableViewCellPendingTableViewCell.swift in Sources */ = {isa = PBXBuildFile; fileRef = B7D75BE423810D3F007933E7 /* TrackingTableViewCellPendingTableViewCell.swift */; };
		B7D75BE723810D3F007933E7 /* TrackingTableViewCellPendingTableViewCell.swift in Sources */ = {isa = PBXBuildFile; fileRef = B7D75BE423810D3F007933E7 /* TrackingTableViewCellPendingTableViewCell.swift */; };
		B7D75BE923820030007933E7 /* GoogleAuthViewController.swift in Sources */ = {isa = PBXBuildFile; fileRef = B7D75BE823820030007933E7 /* GoogleAuthViewController.swift */; };
		B7D75BEA23820030007933E7 /* GoogleAuthViewController.swift in Sources */ = {isa = PBXBuildFile; fileRef = B7D75BE823820030007933E7 /* GoogleAuthViewController.swift */; };
		B7D75BEB23820030007933E7 /* GoogleAuthViewController.swift in Sources */ = {isa = PBXBuildFile; fileRef = B7D75BE823820030007933E7 /* GoogleAuthViewController.swift */; };
		BF1B9EF52366726A00461AA9 /* Glutes.swift in Sources */ = {isa = PBXBuildFile; fileRef = BF1B9EF42366726A00461AA9 /* Glutes.swift */; };
		BF2A482F236D03EB003176B5 /* Squats.swift in Sources */ = {isa = PBXBuildFile; fileRef = BF2A482E236D03EB003176B5 /* Squats.swift */; };
		BF2A4831236D051A003176B5 /* TreePose.swift in Sources */ = {isa = PBXBuildFile; fileRef = BF2A4830236D051A003176B5 /* TreePose.swift */; };
		BF2A4833236D0716003176B5 /* Calf Raises.swift in Sources */ = {isa = PBXBuildFile; fileRef = BF2A4832236D0716003176B5 /* Calf Raises.swift */; };
		BF2A4835236D0864003176B5 /* Head Tilt.swift in Sources */ = {isa = PBXBuildFile; fileRef = BF2A4834236D0864003176B5 /* Head Tilt.swift */; };
		BF405FD52358DB9C00AE4218 /* AppDelegate.swift in Sources */ = {isa = PBXBuildFile; fileRef = BF405FD42358DB9C00AE4218 /* AppDelegate.swift */; };
		BF405FD72358DB9C00AE4218 /* SceneDelegate.swift in Sources */ = {isa = PBXBuildFile; fileRef = BF405FD62358DB9C00AE4218 /* SceneDelegate.swift */; };
		BF405FD92358DB9C00AE4218 /* FirstViewController.swift in Sources */ = {isa = PBXBuildFile; fileRef = BF405FD82358DB9C00AE4218 /* FirstViewController.swift */; };
		BF405FDB2358DB9C00AE4218 /* TrackingViewController.swift in Sources */ = {isa = PBXBuildFile; fileRef = BF405FDA2358DB9C00AE4218 /* TrackingViewController.swift */; };
		BF405FDE2358DB9C00AE4218 /* Main.storyboard in Resources */ = {isa = PBXBuildFile; fileRef = BF405FDC2358DB9C00AE4218 /* Main.storyboard */; };
		BF405FE12358DB9C00AE4218 /* PD_Fitness.xcdatamodeld in Sources */ = {isa = PBXBuildFile; fileRef = BF405FDF2358DB9C00AE4218 /* PD_Fitness.xcdatamodeld */; };
		BF405FE32358DB9D00AE4218 /* Assets.xcassets in Resources */ = {isa = PBXBuildFile; fileRef = BF405FE22358DB9D00AE4218 /* Assets.xcassets */; };
		BF405FE62358DB9E00AE4218 /* LaunchScreen.storyboard in Resources */ = {isa = PBXBuildFile; fileRef = BF405FE42358DB9E00AE4218 /* LaunchScreen.storyboard */; };
		BF405FF12358DB9E00AE4218 /* PD_FitnessTests.swift in Sources */ = {isa = PBXBuildFile; fileRef = BF405FF02358DB9E00AE4218 /* PD_FitnessTests.swift */; };
		BF405FFC2358DB9E00AE4218 /* PD_FitnessUITests.swift in Sources */ = {isa = PBXBuildFile; fileRef = BF405FFB2358DB9E00AE4218 /* PD_FitnessUITests.swift */; };
		BF53F4152368B838008C3EAF /* ThirdViewController.swift in Sources */ = {isa = PBXBuildFile; fileRef = BF53F4142368B838008C3EAF /* ThirdViewController.swift */; };
		BF9F3A902367D32000FE6A0A /* Balance.swift in Sources */ = {isa = PBXBuildFile; fileRef = BF9F3A8F2367D32000FE6A0A /* Balance.swift */; };
		BF9F3A922367DA9A00FE6A0A /* Neck.swift in Sources */ = {isa = PBXBuildFile; fileRef = BF9F3A912367DA9A00FE6A0A /* Neck.swift */; };
		BFEE70C8237E84F100E5DBA5 /* Balance_2.swift in Sources */ = {isa = PBXBuildFile; fileRef = BFEE70C7237E84F100E5DBA5 /* Balance_2.swift */; };
		BFEE70CA237E859600E5DBA5 /* Hamstring Curl.swift in Sources */ = {isa = PBXBuildFile; fileRef = BFEE70C9237E859600E5DBA5 /* Hamstring Curl.swift */; };
		BFEE70CC237E86C700E5DBA5 /* Single Leg Stand.swift in Sources */ = {isa = PBXBuildFile; fileRef = BFEE70CB237E86C700E5DBA5 /* Single Leg Stand.swift */; };
		BFEE70CE237E875B00E5DBA5 /* Bicycle.swift in Sources */ = {isa = PBXBuildFile; fileRef = BFEE70CD237E875B00E5DBA5 /* Bicycle.swift */; };
		BFEE70D0237E879500E5DBA5 /* Treadmill.swift in Sources */ = {isa = PBXBuildFile; fileRef = BFEE70CF237E879500E5DBA5 /* Treadmill.swift */; };
		BFEE70D2237E87C800E5DBA5 /* Shoulder.swift in Sources */ = {isa = PBXBuildFile; fileRef = BFEE70D1237E87C800E5DBA5 /* Shoulder.swift */; };
		BFEE70D4237E87F400E5DBA5 /* Hand.swift in Sources */ = {isa = PBXBuildFile; fileRef = BFEE70D3237E87F400E5DBA5 /* Hand.swift */; };
		BFEE70D6237E882900E5DBA5 /* Finger.swift in Sources */ = {isa = PBXBuildFile; fileRef = BFEE70D5237E882900E5DBA5 /* Finger.swift */; };
		BFEE70D8237E885200E5DBA5 /* Shoulder Look.swift in Sources */ = {isa = PBXBuildFile; fileRef = BFEE70D7237E885200E5DBA5 /* Shoulder Look.swift */; };
		BFEE70DA237E88EE00E5DBA5 /* Sukhasana.swift in Sources */ = {isa = PBXBuildFile; fileRef = BFEE70D9237E88EE00E5DBA5 /* Sukhasana.swift */; };
		BFEE70DC237E891400E5DBA5 /* Vajrasana.swift in Sources */ = {isa = PBXBuildFile; fileRef = BFEE70DB237E891400E5DBA5 /* Vajrasana.swift */; };
		BFEE70DE237E894A00E5DBA5 /* Straight Leg Raises.swift in Sources */ = {isa = PBXBuildFile; fileRef = BFEE70DD237E894A00E5DBA5 /* Straight Leg Raises.swift */; };
		DDEDA8DA02943A6E9C038F5C /* Pods_PD_FitnessTests.framework in Frameworks */ = {isa = PBXBuildFile; fileRef = 42A820145F12527697527F6A /* Pods_PD_FitnessTests.framework */; };
		E4EDD3084AB1C9DC3A12A257 /* Pods_PD_Fitness_PD_FitnessUITests.framework in Frameworks */ = {isa = PBXBuildFile; fileRef = 7DE27340EC13A2115863795C /* Pods_PD_Fitness_PD_FitnessUITests.framework */; };
/* End PBXBuildFile section */

/* Begin PBXContainerItemProxy section */
		BF405FED2358DB9E00AE4218 /* PBXContainerItemProxy */ = {
			isa = PBXContainerItemProxy;
			containerPortal = BF405FC92358DB9C00AE4218 /* Project object */;
			proxyType = 1;
			remoteGlobalIDString = BF405FD02358DB9C00AE4218;
			remoteInfo = "PD Fitness";
		};
		BF405FF82358DB9E00AE4218 /* PBXContainerItemProxy */ = {
			isa = PBXContainerItemProxy;
			containerPortal = BF405FC92358DB9C00AE4218 /* Project object */;
			proxyType = 1;
			remoteGlobalIDString = BF405FD02358DB9C00AE4218;
			remoteInfo = "PD Fitness";
		};
/* End PBXContainerItemProxy section */

/* Begin PBXFileReference section */
		2039DA002389BBA100D52B3E /* WeeklyProgress.swift */ = {isa = PBXFileReference; lastKnownFileType = sourcecode.swift; path = WeeklyProgress.swift; sourceTree = "<group>"; };
		42A820145F12527697527F6A /* Pods_PD_FitnessTests.framework */ = {isa = PBXFileReference; explicitFileType = wrapper.framework; includeInIndex = 0; path = Pods_PD_FitnessTests.framework; sourceTree = BUILT_PRODUCTS_DIR; };
		487959D5556537A65E6AFB2E /* Pods_PD_Fitness.framework */ = {isa = PBXFileReference; explicitFileType = wrapper.framework; includeInIndex = 0; path = Pods_PD_Fitness.framework; sourceTree = BUILT_PRODUCTS_DIR; };
		4E0518D1A8414052BC0D8919 /* Pods-PD Fitness.debug.xcconfig */ = {isa = PBXFileReference; includeInIndex = 1; lastKnownFileType = text.xcconfig; name = "Pods-PD Fitness.debug.xcconfig"; path = "Target Support Files/Pods-PD Fitness/Pods-PD Fitness.debug.xcconfig"; sourceTree = "<group>"; };
		5C863BE51A316E21193F8165 /* Pods-PD Fitness.release.xcconfig */ = {isa = PBXFileReference; includeInIndex = 1; lastKnownFileType = text.xcconfig; name = "Pods-PD Fitness.release.xcconfig"; path = "Target Support Files/Pods-PD Fitness/Pods-PD Fitness.release.xcconfig"; sourceTree = "<group>"; };
		60CC3617D2510307EE7943EB /* Pods-PD Fitness-PD FitnessUITests.debug.xcconfig */ = {isa = PBXFileReference; includeInIndex = 1; lastKnownFileType = text.xcconfig; name = "Pods-PD Fitness-PD FitnessUITests.debug.xcconfig"; path = "Target Support Files/Pods-PD Fitness-PD FitnessUITests/Pods-PD Fitness-PD FitnessUITests.debug.xcconfig"; sourceTree = "<group>"; };
		726D408FCCC7AD9031BA0E2C /* Pods-PD FitnessTests.debug.xcconfig */ = {isa = PBXFileReference; includeInIndex = 1; lastKnownFileType = text.xcconfig; name = "Pods-PD FitnessTests.debug.xcconfig"; path = "Target Support Files/Pods-PD FitnessTests/Pods-PD FitnessTests.debug.xcconfig"; sourceTree = "<group>"; };
		7B0032B8B36D406210051024 /* Pods-PD Fitness-PD FitnessUITests.release.xcconfig */ = {isa = PBXFileReference; includeInIndex = 1; lastKnownFileType = text.xcconfig; name = "Pods-PD Fitness-PD FitnessUITests.release.xcconfig"; path = "Target Support Files/Pods-PD Fitness-PD FitnessUITests/Pods-PD Fitness-PD FitnessUITests.release.xcconfig"; sourceTree = "<group>"; };
		7DE27340EC13A2115863795C /* Pods_PD_Fitness_PD_FitnessUITests.framework */ = {isa = PBXFileReference; explicitFileType = wrapper.framework; includeInIndex = 0; path = Pods_PD_Fitness_PD_FitnessUITests.framework; sourceTree = BUILT_PRODUCTS_DIR; };
		982F4D63236F860700397E18 /* MapViewController.swift */ = {isa = PBXFileReference; fileEncoding = 4; lastKnownFileType = sourcecode.swift; path = MapViewController.swift; sourceTree = "<group>"; };
		982F4D65236F87F100397E18 /* ResourcesViewController.swift */ = {isa = PBXFileReference; fileEncoding = 4; lastKnownFileType = sourcecode.swift; path = ResourcesViewController.swift; sourceTree = "<group>"; };
		98ECD47E237BDC7F001E4F60 /* NearMeTableViewController.swift */ = {isa = PBXFileReference; fileEncoding = 4; lastKnownFileType = sourcecode.swift; path = NearMeTableViewController.swift; sourceTree = "<group>"; };
		98ECD480237BDCB4001E4F60 /* PlaceAnnotation.swift */ = {isa = PBXFileReference; fileEncoding = 4; lastKnownFileType = sourcecode.swift; path = PlaceAnnotation.swift; sourceTree = "<group>"; };
		98ECD482237BDCCD001E4F60 /* Place.swift */ = {isa = PBXFileReference; fileEncoding = 4; lastKnownFileType = sourcecode.swift; path = Place.swift; sourceTree = "<group>"; };
		98ECD484237BDF66001E4F60 /* NearMeTableViewCell.swift */ = {isa = PBXFileReference; fileEncoding = 4; lastKnownFileType = sourcecode.swift; path = NearMeTableViewCell.swift; sourceTree = "<group>"; };
		98ECD486237BE03E001E4F60 /* ContainerViewController.swift */ = {isa = PBXFileReference; fileEncoding = 4; lastKnownFileType = sourcecode.swift; path = ContainerViewController.swift; sourceTree = "<group>"; };
		98ECD488237BE1BC001E4F60 /* MapViewDetailsTableViewController.swift */ = {isa = PBXFileReference; fileEncoding = 4; lastKnownFileType = sourcecode.swift; path = MapViewDetailsTableViewController.swift; sourceTree = "<group>"; };
		98ECD48A237BE220001E4F60 /* MapsViewController.swift */ = {isa = PBXFileReference; fileEncoding = 4; lastKnownFileType = sourcecode.swift; path = MapsViewController.swift; sourceTree = "<group>"; };
		B708070F238236BE0090C08D /* startTrackingBtn.swift */ = {isa = PBXFileReference; lastKnownFileType = sourcecode.swift; path = startTrackingBtn.swift; sourceTree = "<group>"; };
		B708071323827A740090C08D /* LogOutButton.swift */ = {isa = PBXFileReference; lastKnownFileType = sourcecode.swift; path = LogOutButton.swift; sourceTree = "<group>"; };
		B778E509236D3D70003A5C75 /* GoogleService-Info.plist */ = {isa = PBXFileReference; fileEncoding = 4; lastKnownFileType = text.plist.xml; path = "GoogleService-Info.plist"; sourceTree = "<group>"; };
		B778E511236E405B003A5C75 /* PlannedTasksViewController.swift */ = {isa = PBXFileReference; fileEncoding = 4; lastKnownFileType = sourcecode.swift; path = PlannedTasksViewController.swift; sourceTree = "<group>"; };
		B778E525236E5B5B003A5C75 /* PlannedTasksCell.swift */ = {isa = PBXFileReference; fileEncoding = 4; lastKnownFileType = sourcecode.swift; path = PlannedTasksCell.swift; sourceTree = "<group>"; };
		B778E541236E84F5003A5C75 /* PlannedTasksAddBtn.swift */ = {isa = PBXFileReference; fileEncoding = 4; lastKnownFileType = sourcecode.swift; path = PlannedTasksAddBtn.swift; sourceTree = "<group>"; };
		B778E545236EB2A2003A5C75 /* CompletedTasksViewController.swift */ = {isa = PBXFileReference; fileEncoding = 4; lastKnownFileType = sourcecode.swift; path = CompletedTasksViewController.swift; sourceTree = "<group>"; };
		B778E549236EB46A003A5C75 /* PendingTaskCell.swift */ = {isa = PBXFileReference; fileEncoding = 4; lastKnownFileType = sourcecode.swift; path = PendingTaskCell.swift; sourceTree = "<group>"; };
		B778E54D236EB71D003A5C75 /* DataBaseEntryCell.swift */ = {isa = PBXFileReference; fileEncoding = 4; lastKnownFileType = sourcecode.swift; path = DataBaseEntryCell.swift; sourceTree = "<group>"; };
		B778E551236EB828003A5C75 /* DataBaseExportBtn.swift */ = {isa = PBXFileReference; fileEncoding = 4; lastKnownFileType = sourcecode.swift; path = DataBaseExportBtn.swift; sourceTree = "<group>"; };
		B778E555236EB89E003A5C75 /* DataBaseEntriesViewController.swift */ = {isa = PBXFileReference; fileEncoding = 4; lastKnownFileType = sourcecode.swift; path = DataBaseEntriesViewController.swift; sourceTree = "<group>"; };
		B778E559236EBB81003A5C75 /* DataBaseEntrySearchBtn.swift */ = {isa = PBXFileReference; fileEncoding = 4; lastKnownFileType = sourcecode.swift; path = DataBaseEntrySearchBtn.swift; sourceTree = "<group>"; };
		B7D75BE02380EACF007933E7 /* TrackingTableViewCellCompletedTableViewCell.swift */ = {isa = PBXFileReference; fileEncoding = 4; lastKnownFileType = sourcecode.swift; path = TrackingTableViewCellCompletedTableViewCell.swift; sourceTree = "<group>"; };
		B7D75BE423810D3F007933E7 /* TrackingTableViewCellPendingTableViewCell.swift */ = {isa = PBXFileReference; fileEncoding = 4; lastKnownFileType = sourcecode.swift; path = TrackingTableViewCellPendingTableViewCell.swift; sourceTree = "<group>"; };
		B7D75BE823820030007933E7 /* GoogleAuthViewController.swift */ = {isa = PBXFileReference; fileEncoding = 4; lastKnownFileType = sourcecode.swift; path = GoogleAuthViewController.swift; sourceTree = "<group>"; };
		BF1B9EF42366726A00461AA9 /* Glutes.swift */ = {isa = PBXFileReference; fileEncoding = 4; lastKnownFileType = sourcecode.swift; path = Glutes.swift; sourceTree = "<group>"; };
		BF2A482E236D03EB003176B5 /* Squats.swift */ = {isa = PBXFileReference; fileEncoding = 4; lastKnownFileType = sourcecode.swift; path = Squats.swift; sourceTree = "<group>"; };
		BF2A4830236D051A003176B5 /* TreePose.swift */ = {isa = PBXFileReference; fileEncoding = 4; lastKnownFileType = sourcecode.swift; path = TreePose.swift; sourceTree = "<group>"; };
		BF2A4832236D0716003176B5 /* Calf Raises.swift */ = {isa = PBXFileReference; fileEncoding = 4; lastKnownFileType = sourcecode.swift; path = "Calf Raises.swift"; sourceTree = "<group>"; };
		BF2A4834236D0864003176B5 /* Head Tilt.swift */ = {isa = PBXFileReference; fileEncoding = 4; lastKnownFileType = sourcecode.swift; path = "Head Tilt.swift"; sourceTree = "<group>"; };
		BF405FD12358DB9C00AE4218 /* PD Fitness.app */ = {isa = PBXFileReference; explicitFileType = wrapper.application; includeInIndex = 0; path = "PD Fitness.app"; sourceTree = BUILT_PRODUCTS_DIR; };
		BF405FD42358DB9C00AE4218 /* AppDelegate.swift */ = {isa = PBXFileReference; fileEncoding = 4; lastKnownFileType = sourcecode.swift; path = AppDelegate.swift; sourceTree = "<group>"; };
		BF405FD62358DB9C00AE4218 /* SceneDelegate.swift */ = {isa = PBXFileReference; fileEncoding = 4; lastKnownFileType = sourcecode.swift; path = SceneDelegate.swift; sourceTree = "<group>"; };
		BF405FD82358DB9C00AE4218 /* FirstViewController.swift */ = {isa = PBXFileReference; fileEncoding = 4; lastKnownFileType = sourcecode.swift; path = FirstViewController.swift; sourceTree = "<group>"; };
		BF405FDA2358DB9C00AE4218 /* TrackingViewController.swift */ = {isa = PBXFileReference; fileEncoding = 4; lastKnownFileType = sourcecode.swift; path = TrackingViewController.swift; sourceTree = "<group>"; };
		BF405FDD2358DB9C00AE4218 /* Base */ = {isa = PBXFileReference; lastKnownFileType = file.storyboard; name = Base; path = Base.lproj/Main.storyboard; sourceTree = "<group>"; };
		BF405FE02358DB9C00AE4218 /* PD_Fitness.xcdatamodel */ = {isa = PBXFileReference; lastKnownFileType = wrapper.xcdatamodel; path = PD_Fitness.xcdatamodel; sourceTree = "<group>"; };
		BF405FE22358DB9D00AE4218 /* Assets.xcassets */ = {isa = PBXFileReference; lastKnownFileType = folder.assetcatalog; path = Assets.xcassets; sourceTree = "<group>"; };
		BF405FE52358DB9E00AE4218 /* Base */ = {isa = PBXFileReference; lastKnownFileType = file.storyboard; name = Base; path = Base.lproj/LaunchScreen.storyboard; sourceTree = "<group>"; };
		BF405FE72358DB9E00AE4218 /* Info.plist */ = {isa = PBXFileReference; lastKnownFileType = text.plist.xml; path = Info.plist; sourceTree = "<group>"; };
		BF405FEC2358DB9E00AE4218 /* PD FitnessTests.xctest */ = {isa = PBXFileReference; explicitFileType = wrapper.cfbundle; includeInIndex = 0; path = "PD FitnessTests.xctest"; sourceTree = BUILT_PRODUCTS_DIR; };
		BF405FF02358DB9E00AE4218 /* PD_FitnessTests.swift */ = {isa = PBXFileReference; lastKnownFileType = sourcecode.swift; path = PD_FitnessTests.swift; sourceTree = "<group>"; };
		BF405FF22358DB9E00AE4218 /* Info.plist */ = {isa = PBXFileReference; lastKnownFileType = text.plist.xml; path = Info.plist; sourceTree = "<group>"; };
		BF405FF72358DB9E00AE4218 /* PD FitnessUITests.xctest */ = {isa = PBXFileReference; explicitFileType = wrapper.cfbundle; includeInIndex = 0; path = "PD FitnessUITests.xctest"; sourceTree = BUILT_PRODUCTS_DIR; };
		BF405FFB2358DB9E00AE4218 /* PD_FitnessUITests.swift */ = {isa = PBXFileReference; lastKnownFileType = sourcecode.swift; path = PD_FitnessUITests.swift; sourceTree = "<group>"; };
		BF405FFD2358DB9E00AE4218 /* Info.plist */ = {isa = PBXFileReference; lastKnownFileType = text.plist.xml; path = Info.plist; sourceTree = "<group>"; };
		BF53F4142368B838008C3EAF /* ThirdViewController.swift */ = {isa = PBXFileReference; fileEncoding = 4; lastKnownFileType = sourcecode.swift; path = ThirdViewController.swift; sourceTree = "<group>"; };
		BF9F3A8F2367D32000FE6A0A /* Balance.swift */ = {isa = PBXFileReference; fileEncoding = 4; lastKnownFileType = sourcecode.swift; path = Balance.swift; sourceTree = "<group>"; };
		BF9F3A912367DA9A00FE6A0A /* Neck.swift */ = {isa = PBXFileReference; fileEncoding = 4; lastKnownFileType = sourcecode.swift; path = Neck.swift; sourceTree = "<group>"; };
		BFEE70C7237E84F100E5DBA5 /* Balance_2.swift */ = {isa = PBXFileReference; fileEncoding = 4; lastKnownFileType = sourcecode.swift; path = Balance_2.swift; sourceTree = "<group>"; };
		BFEE70C9237E859600E5DBA5 /* Hamstring Curl.swift */ = {isa = PBXFileReference; fileEncoding = 4; lastKnownFileType = sourcecode.swift; path = "Hamstring Curl.swift"; sourceTree = "<group>"; };
		BFEE70CB237E86C700E5DBA5 /* Single Leg Stand.swift */ = {isa = PBXFileReference; fileEncoding = 4; lastKnownFileType = sourcecode.swift; path = "Single Leg Stand.swift"; sourceTree = "<group>"; };
		BFEE70CD237E875B00E5DBA5 /* Bicycle.swift */ = {isa = PBXFileReference; fileEncoding = 4; lastKnownFileType = sourcecode.swift; path = Bicycle.swift; sourceTree = "<group>"; };
		BFEE70CF237E879500E5DBA5 /* Treadmill.swift */ = {isa = PBXFileReference; fileEncoding = 4; lastKnownFileType = sourcecode.swift; path = Treadmill.swift; sourceTree = "<group>"; };
		BFEE70D1237E87C800E5DBA5 /* Shoulder.swift */ = {isa = PBXFileReference; fileEncoding = 4; lastKnownFileType = sourcecode.swift; path = Shoulder.swift; sourceTree = "<group>"; };
		BFEE70D3237E87F400E5DBA5 /* Hand.swift */ = {isa = PBXFileReference; fileEncoding = 4; lastKnownFileType = sourcecode.swift; path = Hand.swift; sourceTree = "<group>"; };
		BFEE70D5237E882900E5DBA5 /* Finger.swift */ = {isa = PBXFileReference; fileEncoding = 4; lastKnownFileType = sourcecode.swift; path = Finger.swift; sourceTree = "<group>"; };
		BFEE70D7237E885200E5DBA5 /* Shoulder Look.swift */ = {isa = PBXFileReference; fileEncoding = 4; lastKnownFileType = sourcecode.swift; path = "Shoulder Look.swift"; sourceTree = "<group>"; };
		BFEE70D9237E88EE00E5DBA5 /* Sukhasana.swift */ = {isa = PBXFileReference; fileEncoding = 4; lastKnownFileType = sourcecode.swift; path = Sukhasana.swift; sourceTree = "<group>"; };
		BFEE70DB237E891400E5DBA5 /* Vajrasana.swift */ = {isa = PBXFileReference; fileEncoding = 4; lastKnownFileType = sourcecode.swift; path = Vajrasana.swift; sourceTree = "<group>"; };
		BFEE70DD237E894A00E5DBA5 /* Straight Leg Raises.swift */ = {isa = PBXFileReference; fileEncoding = 4; lastKnownFileType = sourcecode.swift; path = "Straight Leg Raises.swift"; sourceTree = "<group>"; };
		D783DB3130C8A279DED86A04 /* Pods-PD FitnessTests.release.xcconfig */ = {isa = PBXFileReference; includeInIndex = 1; lastKnownFileType = text.xcconfig; name = "Pods-PD FitnessTests.release.xcconfig"; path = "Target Support Files/Pods-PD FitnessTests/Pods-PD FitnessTests.release.xcconfig"; sourceTree = "<group>"; };
/* End PBXFileReference section */

/* Begin PBXFrameworksBuildPhase section */
		BF405FCE2358DB9C00AE4218 /* Frameworks */ = {
			isa = PBXFrameworksBuildPhase;
			buildActionMask = 2147483647;
			files = (
				034E04F52C9BA01F14823299 /* Pods_PD_Fitness.framework in Frameworks */,
			);
			runOnlyForDeploymentPostprocessing = 0;
		};
		BF405FE92358DB9E00AE4218 /* Frameworks */ = {
			isa = PBXFrameworksBuildPhase;
			buildActionMask = 2147483647;
			files = (
				DDEDA8DA02943A6E9C038F5C /* Pods_PD_FitnessTests.framework in Frameworks */,
			);
			runOnlyForDeploymentPostprocessing = 0;
		};
		BF405FF42358DB9E00AE4218 /* Frameworks */ = {
			isa = PBXFrameworksBuildPhase;
			buildActionMask = 2147483647;
			files = (
				E4EDD3084AB1C9DC3A12A257 /* Pods_PD_Fitness_PD_FitnessUITests.framework in Frameworks */,
			);
			runOnlyForDeploymentPostprocessing = 0;
		};
/* End PBXFrameworksBuildPhase section */

/* Begin PBXGroup section */
		2D2FF62E0F08D630A1CDAA87 /* Frameworks */ = {
			isa = PBXGroup;
			children = (
				487959D5556537A65E6AFB2E /* Pods_PD_Fitness.framework */,
				7DE27340EC13A2115863795C /* Pods_PD_Fitness_PD_FitnessUITests.framework */,
				42A820145F12527697527F6A /* Pods_PD_FitnessTests.framework */,
			);
			name = Frameworks;
			sourceTree = "<group>";
		};
		96678907EF0A583F57A95341 /* Pods */ = {
			isa = PBXGroup;
			children = (
				4E0518D1A8414052BC0D8919 /* Pods-PD Fitness.debug.xcconfig */,
				5C863BE51A316E21193F8165 /* Pods-PD Fitness.release.xcconfig */,
				60CC3617D2510307EE7943EB /* Pods-PD Fitness-PD FitnessUITests.debug.xcconfig */,
				7B0032B8B36D406210051024 /* Pods-PD Fitness-PD FitnessUITests.release.xcconfig */,
				726D408FCCC7AD9031BA0E2C /* Pods-PD FitnessTests.debug.xcconfig */,
				D783DB3130C8A279DED86A04 /* Pods-PD FitnessTests.release.xcconfig */,
			);
			path = Pods;
			sourceTree = "<group>";
		};
		BF405FC82358DB9C00AE4218 = {
			isa = PBXGroup;
			children = (
				BF405FD32358DB9C00AE4218 /* PD Fitness */,
				BF405FEF2358DB9E00AE4218 /* PD FitnessTests */,
				BF405FFA2358DB9E00AE4218 /* PD FitnessUITests */,
				BF405FD22358DB9C00AE4218 /* Products */,
				96678907EF0A583F57A95341 /* Pods */,
				2D2FF62E0F08D630A1CDAA87 /* Frameworks */,
			);
			sourceTree = "<group>";
		};
		BF405FD22358DB9C00AE4218 /* Products */ = {
			isa = PBXGroup;
			children = (
				BF405FD12358DB9C00AE4218 /* PD Fitness.app */,
				BF405FEC2358DB9E00AE4218 /* PD FitnessTests.xctest */,
				BF405FF72358DB9E00AE4218 /* PD FitnessUITests.xctest */,
			);
			name = Products;
			sourceTree = "<group>";
		};
		BF405FD32358DB9C00AE4218 /* PD Fitness */ = {
			isa = PBXGroup;
			children = (
				BFEE70DD237E894A00E5DBA5 /* Straight Leg Raises.swift */,
				BFEE70DB237E891400E5DBA5 /* Vajrasana.swift */,
				BFEE70D9237E88EE00E5DBA5 /* Sukhasana.swift */,
				BFEE70D7237E885200E5DBA5 /* Shoulder Look.swift */,
				BFEE70D5237E882900E5DBA5 /* Finger.swift */,
				BFEE70D3237E87F400E5DBA5 /* Hand.swift */,
				BFEE70D1237E87C800E5DBA5 /* Shoulder.swift */,
				BFEE70CF237E879500E5DBA5 /* Treadmill.swift */,
				BFEE70CD237E875B00E5DBA5 /* Bicycle.swift */,
				BFEE70CB237E86C700E5DBA5 /* Single Leg Stand.swift */,
				BFEE70C9237E859600E5DBA5 /* Hamstring Curl.swift */,
				BFEE70C7237E84F100E5DBA5 /* Balance_2.swift */,
				BF1B9EF42366726A00461AA9 /* Glutes.swift */,
				BF405FD42358DB9C00AE4218 /* AppDelegate.swift */,
				BF405FD62358DB9C00AE4218 /* SceneDelegate.swift */,
				BF405FD82358DB9C00AE4218 /* FirstViewController.swift */,
				BF405FDA2358DB9C00AE4218 /* TrackingViewController.swift */,
				98ECD488237BE1BC001E4F60 /* MapViewDetailsTableViewController.swift */,
				98ECD48A237BE220001E4F60 /* MapsViewController.swift */,
				B7D75BE02380EACF007933E7 /* TrackingTableViewCellCompletedTableViewCell.swift */,
				B7D75BE423810D3F007933E7 /* TrackingTableViewCellPendingTableViewCell.swift */,
				BF405FDC2358DB9C00AE4218 /* Main.storyboard */,
				2039DA002389BBA100D52B3E /* WeeklyProgress.swift */,
				B708071323827A740090C08D /* LogOutButton.swift */,
				B708070F238236BE0090C08D /* startTrackingBtn.swift */,
				B7D75BE823820030007933E7 /* GoogleAuthViewController.swift */,
				98ECD484237BDF66001E4F60 /* NearMeTableViewCell.swift */,
				98ECD47E237BDC7F001E4F60 /* NearMeTableViewController.swift */,
				98ECD486237BE03E001E4F60 /* ContainerViewController.swift */,
				98ECD480237BDCB4001E4F60 /* PlaceAnnotation.swift */,
				98ECD482237BDCCD001E4F60 /* Place.swift */,
				982F4D63236F860700397E18 /* MapViewController.swift */,
				B778E551236EB828003A5C75 /* DataBaseExportBtn.swift */,
				B778E555236EB89E003A5C75 /* DataBaseEntriesViewController.swift */,
				B778E54D236EB71D003A5C75 /* DataBaseEntryCell.swift */,
				B778E559236EBB81003A5C75 /* DataBaseEntrySearchBtn.swift */,
				B778E549236EB46A003A5C75 /* PendingTaskCell.swift */,
				B778E545236EB2A2003A5C75 /* CompletedTasksViewController.swift */,
				B778E511236E405B003A5C75 /* PlannedTasksViewController.swift */,
				B778E541236E84F5003A5C75 /* PlannedTasksAddBtn.swift */,
				B778E525236E5B5B003A5C75 /* PlannedTasksCell.swift */,
				BF2A4834236D0864003176B5 /* Head Tilt.swift */,
				BF2A4832236D0716003176B5 /* Calf Raises.swift */,
				BF2A4830236D051A003176B5 /* TreePose.swift */,
				BF2A482E236D03EB003176B5 /* Squats.swift */,
				BF53F4142368B838008C3EAF /* ThirdViewController.swift */,
				BF9F3A912367DA9A00FE6A0A /* Neck.swift */,
				982F4D65236F87F100397E18 /* ResourcesViewController.swift */,
				BF9F3A8F2367D32000FE6A0A /* Balance.swift */,
				BF405FE22358DB9D00AE4218 /* Assets.xcassets */,
				BF405FE42358DB9E00AE4218 /* LaunchScreen.storyboard */,
				BF405FE72358DB9E00AE4218 /* Info.plist */,
				B778E509236D3D70003A5C75 /* GoogleService-Info.plist */,
				BF405FDF2358DB9C00AE4218 /* PD_Fitness.xcdatamodeld */,
			);
			path = "PD Fitness";
			sourceTree = "<group>";
		};
		BF405FEF2358DB9E00AE4218 /* PD FitnessTests */ = {
			isa = PBXGroup;
			children = (
				BF405FF02358DB9E00AE4218 /* PD_FitnessTests.swift */,
				BF405FF22358DB9E00AE4218 /* Info.plist */,
			);
			path = "PD FitnessTests";
			sourceTree = "<group>";
		};
		BF405FFA2358DB9E00AE4218 /* PD FitnessUITests */ = {
			isa = PBXGroup;
			children = (
				BF405FFB2358DB9E00AE4218 /* PD_FitnessUITests.swift */,
				BF405FFD2358DB9E00AE4218 /* Info.plist */,
			);
			path = "PD FitnessUITests";
			sourceTree = "<group>";
		};
/* End PBXGroup section */

/* Begin PBXNativeTarget section */
		BF405FD02358DB9C00AE4218 /* PD Fitness */ = {
			isa = PBXNativeTarget;
			buildConfigurationList = BF4060002358DB9E00AE4218 /* Build configuration list for PBXNativeTarget "PD Fitness" */;
			buildPhases = (
				FD5619D0FA9010E7A9672C53 /* [CP] Check Pods Manifest.lock */,
				BF405FCD2358DB9C00AE4218 /* Sources */,
				BF405FCE2358DB9C00AE4218 /* Frameworks */,
				BF405FCF2358DB9C00AE4218 /* Resources */,
				8888C1606C1130B875B58C7C /* [CP] Embed Pods Frameworks */,
				F85EB9434FBF55FF433EC6C4 /* [CP] Copy Pods Resources */,
			);
			buildRules = (
			);
			dependencies = (
			);
			name = "PD Fitness";
			productName = "PD Fitness";
			productReference = BF405FD12358DB9C00AE4218 /* PD Fitness.app */;
			productType = "com.apple.product-type.application";
		};
		BF405FEB2358DB9E00AE4218 /* PD FitnessTests */ = {
			isa = PBXNativeTarget;
			buildConfigurationList = BF4060032358DB9E00AE4218 /* Build configuration list for PBXNativeTarget "PD FitnessTests" */;
			buildPhases = (
				E8ACAEDF85CC9E9CBA4F49B7 /* [CP] Check Pods Manifest.lock */,
				BF405FE82358DB9E00AE4218 /* Sources */,
				BF405FE92358DB9E00AE4218 /* Frameworks */,
				BF405FEA2358DB9E00AE4218 /* Resources */,
			);
			buildRules = (
			);
			dependencies = (
				BF405FEE2358DB9E00AE4218 /* PBXTargetDependency */,
			);
			name = "PD FitnessTests";
			productName = "PD FitnessTests";
			productReference = BF405FEC2358DB9E00AE4218 /* PD FitnessTests.xctest */;
			productType = "com.apple.product-type.bundle.unit-test";
		};
		BF405FF62358DB9E00AE4218 /* PD FitnessUITests */ = {
			isa = PBXNativeTarget;
			buildConfigurationList = BF4060062358DB9E00AE4218 /* Build configuration list for PBXNativeTarget "PD FitnessUITests" */;
			buildPhases = (
				5ADA40B86B836789EBF60DF9 /* [CP] Check Pods Manifest.lock */,
				BF405FF32358DB9E00AE4218 /* Sources */,
				BF405FF42358DB9E00AE4218 /* Frameworks */,
				BF405FF52358DB9E00AE4218 /* Resources */,
				AF94A53AB5B533718B7F8458 /* [CP] Embed Pods Frameworks */,
				35128801F3B33AAC118D82A5 /* [CP] Copy Pods Resources */,
			);
			buildRules = (
			);
			dependencies = (
				BF405FF92358DB9E00AE4218 /* PBXTargetDependency */,
			);
			name = "PD FitnessUITests";
			productName = "PD FitnessUITests";
			productReference = BF405FF72358DB9E00AE4218 /* PD FitnessUITests.xctest */;
			productType = "com.apple.product-type.bundle.ui-testing";
		};
/* End PBXNativeTarget section */

/* Begin PBXProject section */
		BF405FC92358DB9C00AE4218 /* Project object */ = {
			isa = PBXProject;
			attributes = {
				LastSwiftUpdateCheck = 1110;
				LastUpgradeCheck = 1110;
				ORGANIZATIONNAME = "Soroush Saheb-Pour Lighvan ";
				TargetAttributes = {
					BF405FD02358DB9C00AE4218 = {
						CreatedOnToolsVersion = 11.1;
					};
					BF405FEB2358DB9E00AE4218 = {
						CreatedOnToolsVersion = 11.1;
						TestTargetID = BF405FD02358DB9C00AE4218;
					};
					BF405FF62358DB9E00AE4218 = {
						CreatedOnToolsVersion = 11.1;
						TestTargetID = BF405FD02358DB9C00AE4218;
					};
				};
			};
			buildConfigurationList = BF405FCC2358DB9C00AE4218 /* Build configuration list for PBXProject "PD Fitness" */;
			compatibilityVersion = "Xcode 9.3";
			developmentRegion = en;
			hasScannedForEncodings = 0;
			knownRegions = (
				en,
				Base,
			);
			mainGroup = BF405FC82358DB9C00AE4218;
			productRefGroup = BF405FD22358DB9C00AE4218 /* Products */;
			projectDirPath = "";
			projectRoot = "";
			targets = (
				BF405FD02358DB9C00AE4218 /* PD Fitness */,
				BF405FEB2358DB9E00AE4218 /* PD FitnessTests */,
				BF405FF62358DB9E00AE4218 /* PD FitnessUITests */,
			);
		};
/* End PBXProject section */

/* Begin PBXResourcesBuildPhase section */
		BF405FCF2358DB9C00AE4218 /* Resources */ = {
			isa = PBXResourcesBuildPhase;
			buildActionMask = 2147483647;
			files = (
				BF405FE62358DB9E00AE4218 /* LaunchScreen.storyboard in Resources */,
				B778E50A236D3D70003A5C75 /* GoogleService-Info.plist in Resources */,
				BF405FE32358DB9D00AE4218 /* Assets.xcassets in Resources */,
				BF405FDE2358DB9C00AE4218 /* Main.storyboard in Resources */,
			);
			runOnlyForDeploymentPostprocessing = 0;
		};
		BF405FEA2358DB9E00AE4218 /* Resources */ = {
			isa = PBXResourcesBuildPhase;
			buildActionMask = 2147483647;
			files = (
				B778E50B236D3D70003A5C75 /* GoogleService-Info.plist in Resources */,
			);
			runOnlyForDeploymentPostprocessing = 0;
		};
		BF405FF52358DB9E00AE4218 /* Resources */ = {
			isa = PBXResourcesBuildPhase;
			buildActionMask = 2147483647;
			files = (
				B778E50C236D3D70003A5C75 /* GoogleService-Info.plist in Resources */,
			);
			runOnlyForDeploymentPostprocessing = 0;
		};
/* End PBXResourcesBuildPhase section */

/* Begin PBXShellScriptBuildPhase section */
		35128801F3B33AAC118D82A5 /* [CP] Copy Pods Resources */ = {
			isa = PBXShellScriptBuildPhase;
			buildActionMask = 2147483647;
			files = (
			);
			inputFileListPaths = (
				"${PODS_ROOT}/Target Support Files/Pods-PD Fitness-PD FitnessUITests/Pods-PD Fitness-PD FitnessUITests-resources-${CONFIGURATION}-input-files.xcfilelist",
			);
			name = "[CP] Copy Pods Resources";
			outputFileListPaths = (
				"${PODS_ROOT}/Target Support Files/Pods-PD Fitness-PD FitnessUITests/Pods-PD Fitness-PD FitnessUITests-resources-${CONFIGURATION}-output-files.xcfilelist",
			);
			runOnlyForDeploymentPostprocessing = 0;
			shellPath = /bin/sh;
			shellScript = "\"${PODS_ROOT}/Target Support Files/Pods-PD Fitness-PD FitnessUITests/Pods-PD Fitness-PD FitnessUITests-resources.sh\"\n";
			showEnvVarsInLog = 0;
		};
		5ADA40B86B836789EBF60DF9 /* [CP] Check Pods Manifest.lock */ = {
			isa = PBXShellScriptBuildPhase;
			buildActionMask = 2147483647;
			files = (
			);
			inputFileListPaths = (
			);
			inputPaths = (
				"${PODS_PODFILE_DIR_PATH}/Podfile.lock",
				"${PODS_ROOT}/Manifest.lock",
			);
			name = "[CP] Check Pods Manifest.lock";
			outputFileListPaths = (
			);
			outputPaths = (
				"$(DERIVED_FILE_DIR)/Pods-PD Fitness-PD FitnessUITests-checkManifestLockResult.txt",
			);
			runOnlyForDeploymentPostprocessing = 0;
			shellPath = /bin/sh;
			shellScript = "diff \"${PODS_PODFILE_DIR_PATH}/Podfile.lock\" \"${PODS_ROOT}/Manifest.lock\" > /dev/null\nif [ $? != 0 ] ; then\n    # print error to STDERR\n    echo \"error: The sandbox is not in sync with the Podfile.lock. Run 'pod install' or update your CocoaPods installation.\" >&2\n    exit 1\nfi\n# This output is used by Xcode 'outputs' to avoid re-running this script phase.\necho \"SUCCESS\" > \"${SCRIPT_OUTPUT_FILE_0}\"\n";
			showEnvVarsInLog = 0;
		};
		8888C1606C1130B875B58C7C /* [CP] Embed Pods Frameworks */ = {
			isa = PBXShellScriptBuildPhase;
			buildActionMask = 2147483647;
			files = (
			);
			inputFileListPaths = (
				"${PODS_ROOT}/Target Support Files/Pods-PD Fitness/Pods-PD Fitness-frameworks-${CONFIGURATION}-input-files.xcfilelist",
			);
			name = "[CP] Embed Pods Frameworks";
			outputFileListPaths = (
				"${PODS_ROOT}/Target Support Files/Pods-PD Fitness/Pods-PD Fitness-frameworks-${CONFIGURATION}-output-files.xcfilelist",
			);
			runOnlyForDeploymentPostprocessing = 0;
			shellPath = /bin/sh;
			shellScript = "\"${PODS_ROOT}/Target Support Files/Pods-PD Fitness/Pods-PD Fitness-frameworks.sh\"\n";
			showEnvVarsInLog = 0;
		};
		AF94A53AB5B533718B7F8458 /* [CP] Embed Pods Frameworks */ = {
			isa = PBXShellScriptBuildPhase;
			buildActionMask = 2147483647;
			files = (
			);
			inputFileListPaths = (
				"${PODS_ROOT}/Target Support Files/Pods-PD Fitness-PD FitnessUITests/Pods-PD Fitness-PD FitnessUITests-frameworks-${CONFIGURATION}-input-files.xcfilelist",
			);
			name = "[CP] Embed Pods Frameworks";
			outputFileListPaths = (
				"${PODS_ROOT}/Target Support Files/Pods-PD Fitness-PD FitnessUITests/Pods-PD Fitness-PD FitnessUITests-frameworks-${CONFIGURATION}-output-files.xcfilelist",
			);
			runOnlyForDeploymentPostprocessing = 0;
			shellPath = /bin/sh;
			shellScript = "\"${PODS_ROOT}/Target Support Files/Pods-PD Fitness-PD FitnessUITests/Pods-PD Fitness-PD FitnessUITests-frameworks.sh\"\n";
			showEnvVarsInLog = 0;
		};
		E8ACAEDF85CC9E9CBA4F49B7 /* [CP] Check Pods Manifest.lock */ = {
			isa = PBXShellScriptBuildPhase;
			buildActionMask = 2147483647;
			files = (
			);
			inputFileListPaths = (
			);
			inputPaths = (
				"${PODS_PODFILE_DIR_PATH}/Podfile.lock",
				"${PODS_ROOT}/Manifest.lock",
			);
			name = "[CP] Check Pods Manifest.lock";
			outputFileListPaths = (
			);
			outputPaths = (
				"$(DERIVED_FILE_DIR)/Pods-PD FitnessTests-checkManifestLockResult.txt",
			);
			runOnlyForDeploymentPostprocessing = 0;
			shellPath = /bin/sh;
			shellScript = "diff \"${PODS_PODFILE_DIR_PATH}/Podfile.lock\" \"${PODS_ROOT}/Manifest.lock\" > /dev/null\nif [ $? != 0 ] ; then\n    # print error to STDERR\n    echo \"error: The sandbox is not in sync with the Podfile.lock. Run 'pod install' or update your CocoaPods installation.\" >&2\n    exit 1\nfi\n# This output is used by Xcode 'outputs' to avoid re-running this script phase.\necho \"SUCCESS\" > \"${SCRIPT_OUTPUT_FILE_0}\"\n";
			showEnvVarsInLog = 0;
		};
		F85EB9434FBF55FF433EC6C4 /* [CP] Copy Pods Resources */ = {
			isa = PBXShellScriptBuildPhase;
			buildActionMask = 2147483647;
			files = (
			);
			inputFileListPaths = (
				"${PODS_ROOT}/Target Support Files/Pods-PD Fitness/Pods-PD Fitness-resources-${CONFIGURATION}-input-files.xcfilelist",
			);
			name = "[CP] Copy Pods Resources";
			outputFileListPaths = (
				"${PODS_ROOT}/Target Support Files/Pods-PD Fitness/Pods-PD Fitness-resources-${CONFIGURATION}-output-files.xcfilelist",
			);
			runOnlyForDeploymentPostprocessing = 0;
			shellPath = /bin/sh;
			shellScript = "\"${PODS_ROOT}/Target Support Files/Pods-PD Fitness/Pods-PD Fitness-resources.sh\"\n";
			showEnvVarsInLog = 0;
		};
		FD5619D0FA9010E7A9672C53 /* [CP] Check Pods Manifest.lock */ = {
			isa = PBXShellScriptBuildPhase;
			buildActionMask = 2147483647;
			files = (
			);
			inputFileListPaths = (
			);
			inputPaths = (
				"${PODS_PODFILE_DIR_PATH}/Podfile.lock",
				"${PODS_ROOT}/Manifest.lock",
			);
			name = "[CP] Check Pods Manifest.lock";
			outputFileListPaths = (
			);
			outputPaths = (
				"$(DERIVED_FILE_DIR)/Pods-PD Fitness-checkManifestLockResult.txt",
			);
			runOnlyForDeploymentPostprocessing = 0;
			shellPath = /bin/sh;
			shellScript = "diff \"${PODS_PODFILE_DIR_PATH}/Podfile.lock\" \"${PODS_ROOT}/Manifest.lock\" > /dev/null\nif [ $? != 0 ] ; then\n    # print error to STDERR\n    echo \"error: The sandbox is not in sync with the Podfile.lock. Run 'pod install' or update your CocoaPods installation.\" >&2\n    exit 1\nfi\n# This output is used by Xcode 'outputs' to avoid re-running this script phase.\necho \"SUCCESS\" > \"${SCRIPT_OUTPUT_FILE_0}\"\n";
			showEnvVarsInLog = 0;
		};
/* End PBXShellScriptBuildPhase section */

/* Begin PBXSourcesBuildPhase section */
		BF405FCD2358DB9C00AE4218 /* Sources */ = {
			isa = PBXSourcesBuildPhase;
			buildActionMask = 2147483647;
			files = (
				BFEE70D0237E879500E5DBA5 /* Treadmill.swift in Sources */,
				B778E556236EB89E003A5C75 /* DataBaseEntriesViewController.swift in Sources */,
				BFEE70C8237E84F100E5DBA5 /* Balance_2.swift in Sources */,
				B778E512236E405B003A5C75 /* PlannedTasksViewController.swift in Sources */,
				BF405FDB2358DB9C00AE4218 /* TrackingViewController.swift in Sources */,
				BF53F4152368B838008C3EAF /* ThirdViewController.swift in Sources */,
				98ECD481237BDCB4001E4F60 /* PlaceAnnotation.swift in Sources */,
				BFEE70D6237E882900E5DBA5 /* Finger.swift in Sources */,
				B7080710238236BE0090C08D /* startTrackingBtn.swift in Sources */,
				BF2A4831236D051A003176B5 /* TreePose.swift in Sources */,
				BF405FD92358DB9C00AE4218 /* FirstViewController.swift in Sources */,
				BF2A4835236D0864003176B5 /* Head Tilt.swift in Sources */,
				B7D75BE923820030007933E7 /* GoogleAuthViewController.swift in Sources */,
				BFEE70DA237E88EE00E5DBA5 /* Sukhasana.swift in Sources */,
				BF405FD52358DB9C00AE4218 /* AppDelegate.swift in Sources */,
				B778E55A236EBB81003A5C75 /* DataBaseEntrySearchBtn.swift in Sources */,
				982F4D64236F860700397E18 /* MapViewController.swift in Sources */,
				BFEE70CE237E875B00E5DBA5 /* Bicycle.swift in Sources */,
				BF2A482F236D03EB003176B5 /* Squats.swift in Sources */,
				B778E542236E84F5003A5C75 /* PlannedTasksAddBtn.swift in Sources */,
				B7D75BE523810D3F007933E7 /* TrackingTableViewCellPendingTableViewCell.swift in Sources */,
				BFEE70D8237E885200E5DBA5 /* Shoulder Look.swift in Sources */,
				2039DA012389BBA100D52B3E /* WeeklyProgress.swift in Sources */,
				BFEE70DC237E891400E5DBA5 /* Vajrasana.swift in Sources */,
				B778E552236EB828003A5C75 /* DataBaseExportBtn.swift in Sources */,
				98ECD489237BE1BC001E4F60 /* MapViewDetailsTableViewController.swift in Sources */,
				B778E526236E5B5B003A5C75 /* PlannedTasksCell.swift in Sources */,
				98ECD47F237BDC7F001E4F60 /* NearMeTableViewController.swift in Sources */,
				BF1B9EF52366726A00461AA9 /* Glutes.swift in Sources */,
				B778E54E236EB71D003A5C75 /* DataBaseEntryCell.swift in Sources */,
				BFEE70D2237E87C800E5DBA5 /* Shoulder.swift in Sources */,
				B778E546236EB2A2003A5C75 /* CompletedTasksViewController.swift in Sources */,
				BFEE70CC237E86C700E5DBA5 /* Single Leg Stand.swift in Sources */,
				98ECD48B237BE220001E4F60 /* MapsViewController.swift in Sources */,
				BFEE70D4237E87F400E5DBA5 /* Hand.swift in Sources */,
				BFEE70CA237E859600E5DBA5 /* Hamstring Curl.swift in Sources */,
				B708071423827A740090C08D /* LogOutButton.swift in Sources */,
				BFEE70DE237E894A00E5DBA5 /* Straight Leg Raises.swift in Sources */,
				98ECD485237BDF66001E4F60 /* NearMeTableViewCell.swift in Sources */,
				B778E54A236EB46A003A5C75 /* PendingTaskCell.swift in Sources */,
				982F4D66236F87F200397E18 /* ResourcesViewController.swift in Sources */,
				98ECD487237BE03E001E4F60 /* ContainerViewController.swift in Sources */,
				BF405FE12358DB9C00AE4218 /* PD_Fitness.xcdatamodeld in Sources */,
				BF9F3A902367D32000FE6A0A /* Balance.swift in Sources */,
				BF2A4833236D0716003176B5 /* Calf Raises.swift in Sources */,
				98ECD483237BDCCD001E4F60 /* Place.swift in Sources */,
				BF9F3A922367DA9A00FE6A0A /* Neck.swift in Sources */,
				B7D75BE12380EACF007933E7 /* TrackingTableViewCellCompletedTableViewCell.swift in Sources */,
				BF405FD72358DB9C00AE4218 /* SceneDelegate.swift in Sources */,
			);
			runOnlyForDeploymentPostprocessing = 0;
		};
		BF405FE82358DB9E00AE4218 /* Sources */ = {
			isa = PBXSourcesBuildPhase;
			buildActionMask = 2147483647;
			files = (
				B7D75BE623810D3F007933E7 /* TrackingTableViewCellPendingTableViewCell.swift in Sources */,
				B7D75BEA23820030007933E7 /* GoogleAuthViewController.swift in Sources */,
				B778E55B236EBB81003A5C75 /* DataBaseEntrySearchBtn.swift in Sources */,
				B778E54B236EB46A003A5C75 /* PendingTaskCell.swift in Sources */,
				B7080711238236BE0090C08D /* startTrackingBtn.swift in Sources */,
				2039DA022389BBA100D52B3E /* WeeklyProgress.swift in Sources */,
				B708071523827A740090C08D /* LogOutButton.swift in Sources */,
				B778E547236EB2A2003A5C75 /* CompletedTasksViewController.swift in Sources */,
				B778E543236E84F5003A5C75 /* PlannedTasksAddBtn.swift in Sources */,
				B778E513236E405B003A5C75 /* PlannedTasksViewController.swift in Sources */,
				B778E54F236EB71D003A5C75 /* DataBaseEntryCell.swift in Sources */,
				B778E553236EB828003A5C75 /* DataBaseExportBtn.swift in Sources */,
				B778E557236EB89E003A5C75 /* DataBaseEntriesViewController.swift in Sources */,
				B778E527236E5B5B003A5C75 /* PlannedTasksCell.swift in Sources */,
				B7D75BE22380EACF007933E7 /* TrackingTableViewCellCompletedTableViewCell.swift in Sources */,
				BF405FF12358DB9E00AE4218 /* PD_FitnessTests.swift in Sources */,
			);
			runOnlyForDeploymentPostprocessing = 0;
		};
		BF405FF32358DB9E00AE4218 /* Sources */ = {
			isa = PBXSourcesBuildPhase;
			buildActionMask = 2147483647;
			files = (
				B7D75BE723810D3F007933E7 /* TrackingTableViewCellPendingTableViewCell.swift in Sources */,
				B7D75BEB23820030007933E7 /* GoogleAuthViewController.swift in Sources */,
				B778E55C236EBB81003A5C75 /* DataBaseEntrySearchBtn.swift in Sources */,
				B778E54C236EB46A003A5C75 /* PendingTaskCell.swift in Sources */,
				B7080712238236BE0090C08D /* startTrackingBtn.swift in Sources */,
				2039DA032389BBA100D52B3E /* WeeklyProgress.swift in Sources */,
				B708071623827A740090C08D /* LogOutButton.swift in Sources */,
				B778E548236EB2A2003A5C75 /* CompletedTasksViewController.swift in Sources */,
				B778E544236E84F5003A5C75 /* PlannedTasksAddBtn.swift in Sources */,
				B778E514236E405B003A5C75 /* PlannedTasksViewController.swift in Sources */,
				B778E550236EB71D003A5C75 /* DataBaseEntryCell.swift in Sources */,
				B778E554236EB828003A5C75 /* DataBaseExportBtn.swift in Sources */,
				B778E558236EB89E003A5C75 /* DataBaseEntriesViewController.swift in Sources */,
				B778E528236E5B5B003A5C75 /* PlannedTasksCell.swift in Sources */,
				B7D75BE32380EACF007933E7 /* TrackingTableViewCellCompletedTableViewCell.swift in Sources */,
				BF405FFC2358DB9E00AE4218 /* PD_FitnessUITests.swift in Sources */,
			);
			runOnlyForDeploymentPostprocessing = 0;
		};
/* End PBXSourcesBuildPhase section */

/* Begin PBXTargetDependency section */
		BF405FEE2358DB9E00AE4218 /* PBXTargetDependency */ = {
			isa = PBXTargetDependency;
			target = BF405FD02358DB9C00AE4218 /* PD Fitness */;
			targetProxy = BF405FED2358DB9E00AE4218 /* PBXContainerItemProxy */;
		};
		BF405FF92358DB9E00AE4218 /* PBXTargetDependency */ = {
			isa = PBXTargetDependency;
			target = BF405FD02358DB9C00AE4218 /* PD Fitness */;
			targetProxy = BF405FF82358DB9E00AE4218 /* PBXContainerItemProxy */;
		};
/* End PBXTargetDependency section */

/* Begin PBXVariantGroup section */
		BF405FDC2358DB9C00AE4218 /* Main.storyboard */ = {
			isa = PBXVariantGroup;
			children = (
				BF405FDD2358DB9C00AE4218 /* Base */,
			);
			name = Main.storyboard;
			sourceTree = "<group>";
		};
		BF405FE42358DB9E00AE4218 /* LaunchScreen.storyboard */ = {
			isa = PBXVariantGroup;
			children = (
				BF405FE52358DB9E00AE4218 /* Base */,
			);
			name = LaunchScreen.storyboard;
			sourceTree = "<group>";
		};
/* End PBXVariantGroup section */

/* Begin XCBuildConfiguration section */
		BF405FFE2358DB9E00AE4218 /* Debug */ = {
			isa = XCBuildConfiguration;
			buildSettings = {
				ALWAYS_SEARCH_USER_PATHS = NO;
				CLANG_ANALYZER_NONNULL = YES;
				CLANG_ANALYZER_NUMBER_OBJECT_CONVERSION = YES_AGGRESSIVE;
				CLANG_CXX_LANGUAGE_STANDARD = "gnu++14";
				CLANG_CXX_LIBRARY = "libc++";
				CLANG_ENABLE_MODULES = YES;
				CLANG_ENABLE_OBJC_ARC = YES;
				CLANG_ENABLE_OBJC_WEAK = YES;
				CLANG_WARN_BLOCK_CAPTURE_AUTORELEASING = YES;
				CLANG_WARN_BOOL_CONVERSION = YES;
				CLANG_WARN_COMMA = YES;
				CLANG_WARN_CONSTANT_CONVERSION = YES;
				CLANG_WARN_DEPRECATED_OBJC_IMPLEMENTATIONS = YES;
				CLANG_WARN_DIRECT_OBJC_ISA_USAGE = YES_ERROR;
				CLANG_WARN_DOCUMENTATION_COMMENTS = YES;
				CLANG_WARN_EMPTY_BODY = YES;
				CLANG_WARN_ENUM_CONVERSION = YES;
				CLANG_WARN_INFINITE_RECURSION = YES;
				CLANG_WARN_INT_CONVERSION = YES;
				CLANG_WARN_NON_LITERAL_NULL_CONVERSION = YES;
				CLANG_WARN_OBJC_IMPLICIT_RETAIN_SELF = YES;
				CLANG_WARN_OBJC_LITERAL_CONVERSION = YES;
				CLANG_WARN_OBJC_ROOT_CLASS = YES_ERROR;
				CLANG_WARN_RANGE_LOOP_ANALYSIS = YES;
				CLANG_WARN_STRICT_PROTOTYPES = YES;
				CLANG_WARN_SUSPICIOUS_MOVE = YES;
				CLANG_WARN_UNGUARDED_AVAILABILITY = YES_AGGRESSIVE;
				CLANG_WARN_UNREACHABLE_CODE = YES;
				CLANG_WARN__DUPLICATE_METHOD_MATCH = YES;
				COPY_PHASE_STRIP = NO;
				DEBUG_INFORMATION_FORMAT = dwarf;
				ENABLE_STRICT_OBJC_MSGSEND = YES;
				ENABLE_TESTABILITY = YES;
				GCC_C_LANGUAGE_STANDARD = gnu11;
				GCC_DYNAMIC_NO_PIC = NO;
				GCC_NO_COMMON_BLOCKS = YES;
				GCC_OPTIMIZATION_LEVEL = 0;
				GCC_PREPROCESSOR_DEFINITIONS = (
					"DEBUG=1",
					"$(inherited)",
				);
				GCC_WARN_64_TO_32_BIT_CONVERSION = YES;
				GCC_WARN_ABOUT_RETURN_TYPE = YES_ERROR;
				GCC_WARN_UNDECLARED_SELECTOR = YES;
				GCC_WARN_UNINITIALIZED_AUTOS = YES_AGGRESSIVE;
				GCC_WARN_UNUSED_FUNCTION = YES;
				GCC_WARN_UNUSED_VARIABLE = YES;
				IPHONEOS_DEPLOYMENT_TARGET = 13.1;
				MTL_ENABLE_DEBUG_INFO = INCLUDE_SOURCE;
				MTL_FAST_MATH = YES;
				ONLY_ACTIVE_ARCH = YES;
				SDKROOT = iphoneos;
				SWIFT_ACTIVE_COMPILATION_CONDITIONS = DEBUG;
				SWIFT_OPTIMIZATION_LEVEL = "-Onone";
			};
			name = Debug;
		};
		BF405FFF2358DB9E00AE4218 /* Release */ = {
			isa = XCBuildConfiguration;
			buildSettings = {
				ALWAYS_SEARCH_USER_PATHS = NO;
				CLANG_ANALYZER_NONNULL = YES;
				CLANG_ANALYZER_NUMBER_OBJECT_CONVERSION = YES_AGGRESSIVE;
				CLANG_CXX_LANGUAGE_STANDARD = "gnu++14";
				CLANG_CXX_LIBRARY = "libc++";
				CLANG_ENABLE_MODULES = YES;
				CLANG_ENABLE_OBJC_ARC = YES;
				CLANG_ENABLE_OBJC_WEAK = YES;
				CLANG_WARN_BLOCK_CAPTURE_AUTORELEASING = YES;
				CLANG_WARN_BOOL_CONVERSION = YES;
				CLANG_WARN_COMMA = YES;
				CLANG_WARN_CONSTANT_CONVERSION = YES;
				CLANG_WARN_DEPRECATED_OBJC_IMPLEMENTATIONS = YES;
				CLANG_WARN_DIRECT_OBJC_ISA_USAGE = YES_ERROR;
				CLANG_WARN_DOCUMENTATION_COMMENTS = YES;
				CLANG_WARN_EMPTY_BODY = YES;
				CLANG_WARN_ENUM_CONVERSION = YES;
				CLANG_WARN_INFINITE_RECURSION = YES;
				CLANG_WARN_INT_CONVERSION = YES;
				CLANG_WARN_NON_LITERAL_NULL_CONVERSION = YES;
				CLANG_WARN_OBJC_IMPLICIT_RETAIN_SELF = YES;
				CLANG_WARN_OBJC_LITERAL_CONVERSION = YES;
				CLANG_WARN_OBJC_ROOT_CLASS = YES_ERROR;
				CLANG_WARN_RANGE_LOOP_ANALYSIS = YES;
				CLANG_WARN_STRICT_PROTOTYPES = YES;
				CLANG_WARN_SUSPICIOUS_MOVE = YES;
				CLANG_WARN_UNGUARDED_AVAILABILITY = YES_AGGRESSIVE;
				CLANG_WARN_UNREACHABLE_CODE = YES;
				CLANG_WARN__DUPLICATE_METHOD_MATCH = YES;
				COPY_PHASE_STRIP = NO;
				DEBUG_INFORMATION_FORMAT = "dwarf-with-dsym";
				ENABLE_NS_ASSERTIONS = NO;
				ENABLE_STRICT_OBJC_MSGSEND = YES;
				GCC_C_LANGUAGE_STANDARD = gnu11;
				GCC_NO_COMMON_BLOCKS = YES;
				GCC_WARN_64_TO_32_BIT_CONVERSION = YES;
				GCC_WARN_ABOUT_RETURN_TYPE = YES_ERROR;
				GCC_WARN_UNDECLARED_SELECTOR = YES;
				GCC_WARN_UNINITIALIZED_AUTOS = YES_AGGRESSIVE;
				GCC_WARN_UNUSED_FUNCTION = YES;
				GCC_WARN_UNUSED_VARIABLE = YES;
				IPHONEOS_DEPLOYMENT_TARGET = 13.1;
				MTL_ENABLE_DEBUG_INFO = NO;
				MTL_FAST_MATH = YES;
				SDKROOT = iphoneos;
				SWIFT_COMPILATION_MODE = wholemodule;
				SWIFT_OPTIMIZATION_LEVEL = "-O";
				VALIDATE_PRODUCT = YES;
			};
			name = Release;
		};
		BF4060012358DB9E00AE4218 /* Debug */ = {
			isa = XCBuildConfiguration;
			baseConfigurationReference = 4E0518D1A8414052BC0D8919 /* Pods-PD Fitness.debug.xcconfig */;
			buildSettings = {
				ASSETCATALOG_COMPILER_APPICON_NAME = AppIcon;
				CODE_SIGN_STYLE = Automatic;
				DEVELOPMENT_TEAM = XYYHFD35LV;
				INFOPLIST_FILE = "PD Fitness/Info.plist";
				LD_RUNPATH_SEARCH_PATHS = (
					"$(inherited)",
					"@executable_path/Frameworks",
				);
				PRODUCT_BUNDLE_IDENTIFIER = "PD-Fitness.PD-Fitness";
				PRODUCT_NAME = "$(TARGET_NAME)";
				SWIFT_VERSION = 5.0;
				TARGETED_DEVICE_FAMILY = 1;
			};
			name = Debug;
		};
		BF4060022358DB9E00AE4218 /* Release */ = {
			isa = XCBuildConfiguration;
			baseConfigurationReference = 5C863BE51A316E21193F8165 /* Pods-PD Fitness.release.xcconfig */;
			buildSettings = {
				ASSETCATALOG_COMPILER_APPICON_NAME = AppIcon;
				CODE_SIGN_STYLE = Automatic;
				DEVELOPMENT_TEAM = XYYHFD35LV;
				INFOPLIST_FILE = "PD Fitness/Info.plist";
				LD_RUNPATH_SEARCH_PATHS = (
					"$(inherited)",
					"@executable_path/Frameworks",
				);
				PRODUCT_BUNDLE_IDENTIFIER = "PD-Fitness.PD-Fitness";
				PRODUCT_NAME = "$(TARGET_NAME)";
				SWIFT_VERSION = 5.0;
				TARGETED_DEVICE_FAMILY = 1;
			};
			name = Release;
		};
		BF4060042358DB9E00AE4218 /* Debug */ = {
			isa = XCBuildConfiguration;
			baseConfigurationReference = 726D408FCCC7AD9031BA0E2C /* Pods-PD FitnessTests.debug.xcconfig */;
			buildSettings = {
				ALWAYS_EMBED_SWIFT_STANDARD_LIBRARIES = YES;
				BUNDLE_LOADER = "$(TEST_HOST)";
				CODE_SIGN_STYLE = Automatic;
				INFOPLIST_FILE = "PD FitnessTests/Info.plist";
				IPHONEOS_DEPLOYMENT_TARGET = 13.1;
				LD_RUNPATH_SEARCH_PATHS = (
					"$(inherited)",
					"@executable_path/Frameworks",
					"@loader_path/Frameworks",
				);
				PRODUCT_BUNDLE_IDENTIFIER = "PD-Fitness.PD-FitnessTests";
				PRODUCT_NAME = "$(TARGET_NAME)";
				SWIFT_VERSION = 5.0;
				TARGETED_DEVICE_FAMILY = "1,2";
				TEST_HOST = "$(BUILT_PRODUCTS_DIR)/PD Fitness.app/PD Fitness";
			};
			name = Debug;
		};
		BF4060052358DB9E00AE4218 /* Release */ = {
			isa = XCBuildConfiguration;
			baseConfigurationReference = D783DB3130C8A279DED86A04 /* Pods-PD FitnessTests.release.xcconfig */;
			buildSettings = {
				ALWAYS_EMBED_SWIFT_STANDARD_LIBRARIES = YES;
				BUNDLE_LOADER = "$(TEST_HOST)";
				CODE_SIGN_STYLE = Automatic;
				INFOPLIST_FILE = "PD FitnessTests/Info.plist";
				IPHONEOS_DEPLOYMENT_TARGET = 13.1;
				LD_RUNPATH_SEARCH_PATHS = (
					"$(inherited)",
					"@executable_path/Frameworks",
					"@loader_path/Frameworks",
				);
				PRODUCT_BUNDLE_IDENTIFIER = "PD-Fitness.PD-FitnessTests";
				PRODUCT_NAME = "$(TARGET_NAME)";
				SWIFT_VERSION = 5.0;
				TARGETED_DEVICE_FAMILY = "1,2";
				TEST_HOST = "$(BUILT_PRODUCTS_DIR)/PD Fitness.app/PD Fitness";
			};
			name = Release;
		};
		BF4060072358DB9E00AE4218 /* Debug */ = {
			isa = XCBuildConfiguration;
			baseConfigurationReference = 60CC3617D2510307EE7943EB /* Pods-PD Fitness-PD FitnessUITests.debug.xcconfig */;
			buildSettings = {
				ALWAYS_EMBED_SWIFT_STANDARD_LIBRARIES = YES;
				CODE_SIGN_STYLE = Automatic;
				INFOPLIST_FILE = "PD FitnessUITests/Info.plist";
				LD_RUNPATH_SEARCH_PATHS = (
					"$(inherited)",
					"@executable_path/Frameworks",
					"@loader_path/Frameworks",
				);
				PRODUCT_BUNDLE_IDENTIFIER = "PD-Fitness.PD-FitnessUITests";
				PRODUCT_NAME = "$(TARGET_NAME)";
				SWIFT_VERSION = 5.0;
				TARGETED_DEVICE_FAMILY = "1,2";
				TEST_TARGET_NAME = "PD Fitness";
			};
			name = Debug;
		};
		BF4060082358DB9E00AE4218 /* Release */ = {
			isa = XCBuildConfiguration;
			baseConfigurationReference = 7B0032B8B36D406210051024 /* Pods-PD Fitness-PD FitnessUITests.release.xcconfig */;
			buildSettings = {
				ALWAYS_EMBED_SWIFT_STANDARD_LIBRARIES = YES;
				CODE_SIGN_STYLE = Automatic;
				INFOPLIST_FILE = "PD FitnessUITests/Info.plist";
				LD_RUNPATH_SEARCH_PATHS = (
					"$(inherited)",
					"@executable_path/Frameworks",
					"@loader_path/Frameworks",
				);
				PRODUCT_BUNDLE_IDENTIFIER = "PD-Fitness.PD-FitnessUITests";
				PRODUCT_NAME = "$(TARGET_NAME)";
				SWIFT_VERSION = 5.0;
				TARGETED_DEVICE_FAMILY = "1,2";
				TEST_TARGET_NAME = "PD Fitness";
			};
			name = Release;
		};
/* End XCBuildConfiguration section */

/* Begin XCConfigurationList section */
		BF405FCC2358DB9C00AE4218 /* Build configuration list for PBXProject "PD Fitness" */ = {
			isa = XCConfigurationList;
			buildConfigurations = (
				BF405FFE2358DB9E00AE4218 /* Debug */,
				BF405FFF2358DB9E00AE4218 /* Release */,
			);
			defaultConfigurationIsVisible = 0;
			defaultConfigurationName = Release;
		};
		BF4060002358DB9E00AE4218 /* Build configuration list for PBXNativeTarget "PD Fitness" */ = {
			isa = XCConfigurationList;
			buildConfigurations = (
				BF4060012358DB9E00AE4218 /* Debug */,
				BF4060022358DB9E00AE4218 /* Release */,
			);
			defaultConfigurationIsVisible = 0;
			defaultConfigurationName = Release;
		};
		BF4060032358DB9E00AE4218 /* Build configuration list for PBXNativeTarget "PD FitnessTests" */ = {
			isa = XCConfigurationList;
			buildConfigurations = (
				BF4060042358DB9E00AE4218 /* Debug */,
				BF4060052358DB9E00AE4218 /* Release */,
			);
			defaultConfigurationIsVisible = 0;
			defaultConfigurationName = Release;
		};
		BF4060062358DB9E00AE4218 /* Build configuration list for PBXNativeTarget "PD FitnessUITests" */ = {
			isa = XCConfigurationList;
			buildConfigurations = (
				BF4060072358DB9E00AE4218 /* Debug */,
				BF4060082358DB9E00AE4218 /* Release */,
			);
			defaultConfigurationIsVisible = 0;
			defaultConfigurationName = Release;
		};
/* End XCConfigurationList section */

/* Begin XCVersionGroup section */
		BF405FDF2358DB9C00AE4218 /* PD_Fitness.xcdatamodeld */ = {
			isa = XCVersionGroup;
			children = (
				BF405FE02358DB9C00AE4218 /* PD_Fitness.xcdatamodel */,
			);
			currentVersion = BF405FE02358DB9C00AE4218 /* PD_Fitness.xcdatamodel */;
			path = PD_Fitness.xcdatamodeld;
			sourceTree = "<group>";
			versionGroupType = wrapper.xcdatamodel;
		};
/* End XCVersionGroup section */
	};
	rootObject = BF405FC92358DB9C00AE4218 /* Project object */;
}
